
Microsoft Visual Studio Solution File, Format Version 12.00
# Visual Studio Version 16
VisualStudioVersion = 16.0.32106.194
MinimumVisualStudioVersion = 10.0.40219.1
Project("{FAE04EC0-301F-11D3-BF4B-00C04F79EFBC}") = "RedArborToni", "RedArborToni\RedArborToni.csproj", "{10B7B252-B3B9-4BD0-AB7D-999D0A8C6F12}"
EndProject
Global
	GlobalSection(SolutionConfigurationPlatforms) = preSolution
		Debug|Any CPU = Debug|Any CPU
		Release|Any CPU = Release|Any CPU
	EndGlobalSection
	GlobalSection(ProjectConfigurationPlatforms) = postSolution
		{10B7B252-B3B9-4BD0-AB7D-999D0A8C6F12}.Debug|Any CPU.ActiveCfg = Debug|Any CPU
		{10B7B252-B3B9-4BD0-AB7D-999D0A8C6F12}.Debug|Any CPU.Build.0 = Debug|Any CPU
		{10B7B252-B3B9-4BD0-AB7D-999D0A8C6F12}.Release|Any CPU.ActiveCfg = Release|Any CPU
		{10B7B252-B3B9-4BD0-AB7D-999D0A8C6F12}.Release|Any CPU.Build.0 = Release|Any CPU
	EndGlobalSection
	GlobalSection(SolutionProperties) = preSolution
		HideSolutionNode = FALSE
	EndGlobalSection
	GlobalSection(ExtensibilityGlobals) = postSolution
		SolutionGuid = {11D493DF-4654-4758-95E2-29F188C8DEED}
	EndGlobalSection
EndGlobal
